<?xml version="1.0" encoding="utf-8"?>
<Project ToolsVersion="4.0" xmlns="http://schemas.microsoft.com/developer/msbuild/2003">
  <ItemGroup>
    <Filter Include="源文件">
      <UniqueIdentifier>{4FC737F1-C7A5-4376-A066-2A32D752A2FF}</UniqueIdentifier>
      <Extensions>cpp;c;cc;cxx;c++;cppm;ixx;def;odl;idl;hpj;bat;asm;asmx</Extensions>
    </Filter>
    <Filter Include="头文件">
      <UniqueIdentifier>{93995380-89BD-4b04-88EB-625FBE52EBFB}</UniqueIdentifier>
      <Extensions>h;hh;hpp;hxx;h++;hm;inl;inc;ipp;xsd</Extensions>
    </Filter>
    <Filter Include="资源文件">
      <UniqueIdentifier>{67DA6AB6-F800-4c08-8B7A-83BB121AAD01}</UniqueIdentifier>
      <Extensions>rc;ico;cur;bmp;dlg;rc2;rct;bin;rgs;gif;jpg;jpeg;jpe;resx;tiff;tif;png;wav;mfcribbon-ms</Extensions>
    </Filter>
  </ItemGroup>
  <ItemGroup>
    <ClCompile Include="Src\lapi.c">
      <Filter>源文件</Filter>
    </ClCompile>
    <ClCompile Include="Src\lauxlib.c">
      <Filter>源文件</Filter>
    </ClCompile>
    <ClCompile Include="Src\lbaselib.c">
      <Filter>源文件</Filter>
    </ClCompile>
    <ClCompile Include="Src\lcode.c">
      <Filter>源文件</Filter>
    </ClCompile>
    <ClCompile Include="Src\lcorolib.c">
      <Filter>源文件</Filter>
    </ClCompile>
    <ClCompile Include="Src\lctype.c">
      <Filter>源文件</Filter>
    </ClCompile>
    <ClCompile Include="Src\ldblib.c">
      <Filter>源文件</Filter>
    </ClCompile>
    <ClCompile Include="Src\ldebug.c">
      <Filter>源文件</Filter>
    </ClCompile>
    <ClCompile Include="Src\ldo.c">
      <Filter>源文件</Filter>
    </ClCompile>
    <ClCompile Include="Src\ldump.c">
      <Filter>源文件</Filter>
    </ClCompile>
    <ClCompile Include="Src\lfunc.c">
      <Filter>源文件</Filter>
    </ClCompile>
    <ClCompile Include="Src\lgc.c">
      <Filter>源文件</Filter>
    </ClCompile>
    <ClCompile Include="Src\linit.c">
      <Filter>源文件</Filter>
    </ClCompile>
    <ClCompile Include="Src\liolib.c">
      <Filter>源文件</Filter>
    </ClCompile>
    <ClCompile Include="Src\llex.c">
      <Filter>源文件</Filter>
    </ClCompile>
    <ClCompile Include="Src\lmathlib.c">
      <Filter>源文件</Filter>
    </ClCompile>
    <ClCompile Include="Src\lmem.c">
      <Filter>源文件</Filter>
    </ClCompile>
    <ClCompile Include="Src\loadlib.c">
      <Filter>源文件</Filter>
    </ClCompile>
    <ClCompile Include="Src\lobject.c">
      <Filter>源文件</Filter>
    </ClCompile>
    <ClCompile Include="Src\lopcodes.c">
      <Filter>源文件</Filter>
    </ClCompile>
    <ClCompile Include="Src\loslib.c">
      <Filter>源文件</Filter>
    </ClCompile>
    <ClCompile Include="Src\lparser.c">
      <Filter>源文件</Filter>
    </ClCompile>
    <ClCompile Include="Src\lstate.c">
      <Filter>源文件</Filter>
    </ClCompile>
    <ClCompile Include="Src\lstring.c">
      <Filter>源文件</Filter>
    </ClCompile>
    <ClCompile Include="Src\lstrlib.c">
      <Filter>源文件</Filter>
    </ClCompile>
    <ClCompile Include="Src\ltable.c">
      <Filter>源文件</Filter>
    </ClCompile>
    <ClCompile Include="Src\ltablib.c">
      <Filter>源文件</Filter>
    </ClCompile>
    <ClCompile Include="Src\ltm.c">
      <Filter>源文件</Filter>
    </ClCompile>
    <ClCompile Include="Src\lundump.c">
      <Filter>源文件</Filter>
    </ClCompile>
    <ClCompile Include="Src\lutf8lib.c">
      <Filter>源文件</Filter>
    </ClCompile>
    <ClCompile Include="Src\lvm.c">
      <Filter>源文件</Filter>
    </ClCompile>
    <ClCompile Include="Src\lzio.c">
      <Filter>源文件</Filter>
    </ClCompile>
    <ClCompile Include="Src\lua.c">
      <Filter>源文件</Filter>
    </ClCompile>
  </ItemGroup>
  <ItemGroup>
    <ClInclude Include="Src\lapi.h">
      <Filter>头文件</Filter>
    </ClInclude>
    <ClInclude Include="Src\lauxlib.h">
      <Filter>头文件</Filter>
    </ClInclude>
    <ClInclude Include="Src\lcode.h">
      <Filter>头文件</Filter>
    </ClInclude>
    <ClInclude Include="Src\lctype.h">
      <Filter>头文件</Filter>
    </ClInclude>
    <ClInclude Include="Src\ldebug.h">
      <Filter>头文件</Filter>
    </ClInclude>
    <ClInclude Include="Src\ldo.h">
      <Filter>头文件</Filter>
    </ClInclude>
    <ClInclude Include="Src\lfunc.h">
      <Filter>头文件</Filter>
    </ClInclude>
    <ClInclude Include="Src\lgc.h">
      <Filter>头文件</Filter>
    </ClInclude>
    <ClInclude Include="Src\ljumptab.h">
      <Filter>头文件</Filter>
    </ClInclude>
    <ClInclude Include="Src\llex.h">
      <Filter>头文件</Filter>
    </ClInclude>
    <ClInclude Include="Src\llimits.h">
      <Filter>头文件</Filter>
    </ClInclude>
    <ClInclude Include="Src\lmem.h">
      <Filter>头文件</Filter>
    </ClInclude>
    <ClInclude Include="Src\lobject.h">
      <Filter>头文件</Filter>
    </ClInclude>
    <ClInclude Include="Src\lopcodes.h">
      <Filter>头文件</Filter>
    </ClInclude>
    <ClInclude Include="Src\lopnames.h">
      <Filter>头文件</Filter>
    </ClInclude>
    <ClInclude Include="Src\lparser.h">
      <Filter>头文件</Filter>
    </ClInclude>
    <ClInclude Include="Src\lprefix.h">
      <Filter>头文件</Filter>
    </ClInclude>
    <ClInclude Include="Src\lstate.h">
      <Filter>头文件</Filter>
    </ClInclude>
    <ClInclude Include="Src\lstring.h">
      <Filter>头文件</Filter>
    </ClInclude>
    <ClInclude Include="Src\ltable.h">
      <Filter>头文件</Filter>
    </ClInclude>
    <ClInclude Include="Src\ltm.h">
      <Filter>头文件</Filter>
    </ClInclude>
    <ClInclude Include="Src\lua.h">
      <Filter>头文件</Filter>
    </ClInclude>
    <ClInclude Include="Src\luaconf.h">
      <Filter>头文件</Filter>
    </ClInclude>
    <ClInclude Include="Src\lualib.h">
      <Filter>头文件</Filter>
    </ClInclude>
    <ClInclude Include="Src\lundump.h">
      <Filter>头文件</Filter>
    </ClInclude>
    <ClInclude Include="Src\lvm.h">
      <Filter>头文件</Filter>
    </ClInclude>
    <ClInclude Include="Src\lzio.h">
      <Filter>头文件</Filter>
    </ClInclude>
    <ClInclude Include="Src\lua.hpp">
      <Filter>头文件</Filter>
    </ClInclude>
  </ItemGroup>
</Project>